
Microsoft Visual Studio Solution File, Format Version 10.00
# Visual Studio 2008
Project("{8BC9CEB8-8B4A-11D0-8D11-00A0C91BC942}") = "Win32GAVisTool", "Win32GAVisTool.vcproj", "{CD064BEF-F1E6-4959-A2BD-878947F8BF32}"
EndProject
Project("{8BC9CEB8-8B4A-11D0-8D11-00A0C91BC942}") = "CalcLib", "..\..\..\CalcLib\CalcLib.vcproj", "{A310C18D-EE52-462A-9A1C-12E8F7863DBD}"
EndProject
Global
	GlobalSection(SolutionConfigurationPlatforms) = preSolution
		Debug|Win32 = Debug|Win32
		Release|Win32 = Release|Win32
	EndGlobalSection
	GlobalSection(ProjectConfigurationPlatforms) = postSolution
		{CD064BEF-F1E6-4959-A2BD-878947F8BF32}.Debug|Win32.ActiveCfg = Debug|Win32
		{CD064BEF-F1E6-4959-A2BD-878947F8BF32}.Debug|Win32.Build.0 = Debug|Win32
		{CD064BEF-F1E6-4959-A2BD-878947F8BF32}.Release|Win32.ActiveCfg = Release|Win32
		{CD064BEF-F1E6-4959-A2BD-878947F8BF32}.Release|Win32.Build.0 = Release|Win32
		{A310C18D-EE52-462A-9A1C-12E8F7863DBD}.Debug|Win32.ActiveCfg = Debug|Win32
		{A310C18D-EE52-462A-9A1C-12E8F7863DBD}.Debug|Win32.Build.0 = Debug|Win32
		{A310C18D-EE52-462A-9A1C-12E8F7863DBD}.Release|Win32.ActiveCfg = Release|Win32
		{A310C18D-EE52-462A-9A1C-12E8F7863DBD}.Release|Win32.Build.0 = Release|Win32
	EndGlobalSection
	GlobalSection(SolutionProperties) = preSolution
		HideSolutionNode = FALSE
	EndGlobalSection
EndGlobal
